// !$*UTF8*$!
{
	archiveVersion = 1;
	classes = {
	};
	objectVersion = 46;
	objects = {

/* Begin PBXBuildFile section */
		1F340031B8E5980A3747E913 /* Pods_torios.framework in Frameworks */ = {isa = PBXBuildFile; fileRef = A04E277BC011344657CD05D6 /* Pods_torios.framework */; settings = {ATTRIBUTES = (Weak, ); }; };
		4522FE901BBE14AE00489E0D /* LoginViewController.swift in Sources */ = {isa = PBXBuildFile; fileRef = 4522FE8F1BBE14AE00489E0D /* LoginViewController.swift */; settings = {ASSET_TAGS = (); }; };
		4522FE921BBE429B00489E0D /* SubscriptionController.swift in Sources */ = {isa = PBXBuildFile; fileRef = 4522FE911BBE429B00489E0D /* SubscriptionController.swift */; settings = {ASSET_TAGS = (); }; };
		453C0CCA1BBDF60200F11827 /* AppDelegate.swift in Sources */ = {isa = PBXBuildFile; fileRef = 453C0CC91BBDF60200F11827 /* AppDelegate.swift */; };
		453C0CCD1BBDF60200F11827 /* torios.xcdatamodeld in Sources */ = {isa = PBXBuildFile; fileRef = 453C0CCB1BBDF60200F11827 /* torios.xcdatamodeld */; };
		453C0CCF1BBDF60200F11827 /* MasterViewController.swift in Sources */ = {isa = PBXBuildFile; fileRef = 453C0CCE1BBDF60200F11827 /* MasterViewController.swift */; };
		453C0CD11BBDF60200F11827 /* DetailViewController.swift in Sources */ = {isa = PBXBuildFile; fileRef = 453C0CD01BBDF60200F11827 /* DetailViewController.swift */; };
		453C0CD41BBDF60200F11827 /* Main.storyboard in Resources */ = {isa = PBXBuildFile; fileRef = 453C0CD21BBDF60200F11827 /* Main.storyboard */; };
		453C0CD61BBDF60200F11827 /* Assets.xcassets in Resources */ = {isa = PBXBuildFile; fileRef = 453C0CD51BBDF60200F11827 /* Assets.xcassets */; };
		453C0CD91BBDF60200F11827 /* LaunchScreen.storyboard in Resources */ = {isa = PBXBuildFile; fileRef = 453C0CD71BBDF60200F11827 /* LaunchScreen.storyboard */; };
		453C0CE41BBDF60200F11827 /* toriosTests.swift in Sources */ = {isa = PBXBuildFile; fileRef = 453C0CE31BBDF60200F11827 /* toriosTests.swift */; };
		453C0CEF1BBDF60200F11827 /* toriosUITests.swift in Sources */ = {isa = PBXBuildFile; fileRef = 453C0CEE1BBDF60200F11827 /* toriosUITests.swift */; };
		458DC1171BBE006700780EDF /* Subscription+CoreDataProperties.swift in Sources */ = {isa = PBXBuildFile; fileRef = 458DC1151BBE006700780EDF /* Subscription+CoreDataProperties.swift */; settings = {ASSET_TAGS = (); }; };
		458DC1181BBE006700780EDF /* Subscription.swift in Sources */ = {isa = PBXBuildFile; fileRef = 458DC1161BBE006700780EDF /* Subscription.swift */; settings = {ASSET_TAGS = (); }; };
		458DC11A1BBE00C400780EDF /* UserSession.swift in Sources */ = {isa = PBXBuildFile; fileRef = 458DC1191BBE00C400780EDF /* UserSession.swift */; settings = {ASSET_TAGS = (); }; };
		458DC11C1BBE016200780EDF /* Login.storyboard in Resources */ = {isa = PBXBuildFile; fileRef = 458DC11B1BBE016200780EDF /* Login.storyboard */; settings = {ASSET_TAGS = (); }; };
/* End PBXBuildFile section */

/* Begin PBXContainerItemProxy section */
		453C0CE01BBDF60200F11827 /* PBXContainerItemProxy */ = {
			isa = PBXContainerItemProxy;
			containerPortal = 453C0CBE1BBDF60200F11827 /* Project object */;
			proxyType = 1;
			remoteGlobalIDString = 453C0CC51BBDF60200F11827;
			remoteInfo = torios;
		};
		453C0CEB1BBDF60200F11827 /* PBXContainerItemProxy */ = {
			isa = PBXContainerItemProxy;
			containerPortal = 453C0CBE1BBDF60200F11827 /* Project object */;
			proxyType = 1;
			remoteGlobalIDString = 453C0CC51BBDF60200F11827;
			remoteInfo = torios;
		};
/* End PBXContainerItemProxy section */

/* Begin PBXFileReference section */
		050534164E8EAB9005B5028D /* Pods-torios.debug.xcconfig */ = {isa = PBXFileReference; includeInIndex = 1; lastKnownFileType = text.xcconfig; name = "Pods-torios.debug.xcconfig"; path = "Pods/Target Support Files/Pods-torios/Pods-torios.debug.xcconfig"; sourceTree = "<group>"; };
		4522FE8F1BBE14AE00489E0D /* LoginViewController.swift */ = {isa = PBXFileReference; fileEncoding = 4; lastKnownFileType = sourcecode.swift; path = LoginViewController.swift; sourceTree = "<group>"; };
		4522FE911BBE429B00489E0D /* SubscriptionController.swift */ = {isa = PBXFileReference; fileEncoding = 4; lastKnownFileType = sourcecode.swift; path = SubscriptionController.swift; sourceTree = "<group>"; };
		4522FE931BBE5EA400489E0D /* torios 2.xcdatamodel */ = {isa = PBXFileReference; lastKnownFileType = wrapper.xcdatamodel; path = "torios 2.xcdatamodel"; sourceTree = "<group>"; };
		4522FE941BBE601900489E0D /* torios 3.xcdatamodel */ = {isa = PBXFileReference; lastKnownFileType = wrapper.xcdatamodel; path = "torios 3.xcdatamodel"; sourceTree = "<group>"; };
		453C0CC61BBDF60200F11827 /* torios.app */ = {isa = PBXFileReference; explicitFileType = wrapper.application; includeInIndex = 0; path = torios.app; sourceTree = BUILT_PRODUCTS_DIR; };
		453C0CC91BBDF60200F11827 /* AppDelegate.swift */ = {isa = PBXFileReference; lastKnownFileType = sourcecode.swift; path = AppDelegate.swift; sourceTree = "<group>"; };
		453C0CCC1BBDF60200F11827 /* torios.xcdatamodel */ = {isa = PBXFileReference; lastKnownFileType = wrapper.xcdatamodel; path = torios.xcdatamodel; sourceTree = "<group>"; };
		453C0CCE1BBDF60200F11827 /* MasterViewController.swift */ = {isa = PBXFileReference; lastKnownFileType = sourcecode.swift; path = MasterViewController.swift; sourceTree = "<group>"; };
		453C0CD01BBDF60200F11827 /* DetailViewController.swift */ = {isa = PBXFileReference; lastKnownFileType = sourcecode.swift; path = DetailViewController.swift; sourceTree = "<group>"; };
		453C0CD31BBDF60200F11827 /* Base */ = {isa = PBXFileReference; lastKnownFileType = file.storyboard; name = Base; path = Base.lproj/Main.storyboard; sourceTree = "<group>"; };
		453C0CD51BBDF60200F11827 /* Assets.xcassets */ = {isa = PBXFileReference; lastKnownFileType = folder.assetcatalog; path = Assets.xcassets; sourceTree = "<group>"; };
		453C0CD81BBDF60200F11827 /* Base */ = {isa = PBXFileReference; lastKnownFileType = file.storyboard; name = Base; path = Base.lproj/LaunchScreen.storyboard; sourceTree = "<group>"; };
		453C0CDA1BBDF60200F11827 /* Info.plist */ = {isa = PBXFileReference; lastKnownFileType = text.plist.xml; path = Info.plist; sourceTree = "<group>"; };
		453C0CDF1BBDF60200F11827 /* toriosTests.xctest */ = {isa = PBXFileReference; explicitFileType = wrapper.cfbundle; includeInIndex = 0; path = toriosTests.xctest; sourceTree = BUILT_PRODUCTS_DIR; };
		453C0CE31BBDF60200F11827 /* toriosTests.swift */ = {isa = PBXFileReference; lastKnownFileType = sourcecode.swift; path = toriosTests.swift; sourceTree = "<group>"; };
		453C0CE51BBDF60200F11827 /* Info.plist */ = {isa = PBXFileReference; lastKnownFileType = text.plist.xml; path = Info.plist; sourceTree = "<group>"; };
		453C0CEA1BBDF60200F11827 /* toriosUITests.xctest */ = {isa = PBXFileReference; explicitFileType = wrapper.cfbundle; includeInIndex = 0; path = toriosUITests.xctest; sourceTree = BUILT_PRODUCTS_DIR; };
		453C0CEE1BBDF60200F11827 /* toriosUITests.swift */ = {isa = PBXFileReference; lastKnownFileType = sourcecode.swift; path = toriosUITests.swift; sourceTree = "<group>"; };
		453C0CF01BBDF60200F11827 /* Info.plist */ = {isa = PBXFileReference; lastKnownFileType = text.plist.xml; path = Info.plist; sourceTree = "<group>"; };
		458DC1151BBE006700780EDF /* Subscription+CoreDataProperties.swift */ = {isa = PBXFileReference; fileEncoding = 4; lastKnownFileType = sourcecode.swift; name = "Subscription+CoreDataProperties.swift"; path = "torios/Subscription+CoreDataProperties.swift"; sourceTree = "<group>"; };
		458DC1161BBE006700780EDF /* Subscription.swift */ = {isa = PBXFileReference; fileEncoding = 4; lastKnownFileType = sourcecode.swift; name = Subscription.swift; path = torios/Subscription.swift; sourceTree = "<group>"; };
		458DC1191BBE00C400780EDF /* UserSession.swift */ = {isa = PBXFileReference; fileEncoding = 4; lastKnownFileType = sourcecode.swift; path = UserSession.swift; sourceTree = "<group>"; };
		458DC11B1BBE016200780EDF /* Login.storyboard */ = {isa = PBXFileReference; fileEncoding = 4; lastKnownFileType = file.storyboard; path = Login.storyboard; sourceTree = "<group>"; };
		88469A1D82E02ACD547F4F4E /* Pods-torios.release.xcconfig */ = {isa = PBXFileReference; includeInIndex = 1; lastKnownFileType = text.xcconfig; name = "Pods-torios.release.xcconfig"; path = "Pods/Target Support Files/Pods-torios/Pods-torios.release.xcconfig"; sourceTree = "<group>"; };
		A04E277BC011344657CD05D6 /* Pods_torios.framework */ = {isa = PBXFileReference; explicitFileType = wrapper.framework; includeInIndex = 0; path = Pods_torios.framework; sourceTree = BUILT_PRODUCTS_DIR; };
/* End PBXFileReference section */

/* Begin PBXFrameworksBuildPhase section */
		453C0CC31BBDF60200F11827 /* Frameworks */ = {
			isa = PBXFrameworksBuildPhase;
			buildActionMask = 2147483647;
			files = (
				1F340031B8E5980A3747E913 /* Pods_torios.framework in Frameworks */,
			);
			runOnlyForDeploymentPostprocessing = 0;
		};
		453C0CDC1BBDF60200F11827 /* Frameworks */ = {
			isa = PBXFrameworksBuildPhase;
			buildActionMask = 2147483647;
			files = (
			);
			runOnlyForDeploymentPostprocessing = 0;
		};
		453C0CE71BBDF60200F11827 /* Frameworks */ = {
			isa = PBXFrameworksBuildPhase;
			buildActionMask = 2147483647;
			files = (
			);
			runOnlyForDeploymentPostprocessing = 0;
		};
/* End PBXFrameworksBuildPhase section */

/* Begin PBXGroup section */
		4522FE8E1BBE149000489E0D /* Login */ = {
			isa = PBXGroup;
			children = (
				458DC11B1BBE016200780EDF /* Login.storyboard */,
				4522FE8F1BBE14AE00489E0D /* LoginViewController.swift */,
			);
			name = Login;
			sourceTree = "<group>";
		};
		453C0CBD1BBDF60200F11827 = {
			isa = PBXGroup;
			children = (
				458DC1151BBE006700780EDF /* Subscription+CoreDataProperties.swift */,
				458DC1161BBE006700780EDF /* Subscription.swift */,
				453C0CC81BBDF60200F11827 /* torios */,
				453C0CE21BBDF60200F11827 /* toriosTests */,
				453C0CED1BBDF60200F11827 /* toriosUITests */,
				453C0CC71BBDF60200F11827 /* Products */,
				A50631436EFF592B363D3E9D /* Pods */,
				D600488F20C4208AF41588A0 /* Frameworks */,
			);
			sourceTree = "<group>";
		};
		453C0CC71BBDF60200F11827 /* Products */ = {
			isa = PBXGroup;
			children = (
				453C0CC61BBDF60200F11827 /* torios.app */,
				453C0CDF1BBDF60200F11827 /* toriosTests.xctest */,
				453C0CEA1BBDF60200F11827 /* toriosUITests.xctest */,
			);
			name = Products;
			sourceTree = "<group>";
		};
		453C0CC81BBDF60200F11827 /* torios */ = {
			isa = PBXGroup;
			children = (
				453C0CC91BBDF60200F11827 /* AppDelegate.swift */,
				458DC1191BBE00C400780EDF /* UserSession.swift */,
				4522FE911BBE429B00489E0D /* SubscriptionController.swift */,
				458DC11D1BBE017500780EDF /* Main */,
				4522FE8E1BBE149000489E0D /* Login */,
				453C0CD51BBDF60200F11827 /* Assets.xcassets */,
				453C0CD71BBDF60200F11827 /* LaunchScreen.storyboard */,
				453C0CDA1BBDF60200F11827 /* Info.plist */,
				453C0CCB1BBDF60200F11827 /* torios.xcdatamodeld */,
			);
			path = torios;
			sourceTree = "<group>";
		};
		453C0CE21BBDF60200F11827 /* toriosTests */ = {
			isa = PBXGroup;
			children = (
				453C0CE31BBDF60200F11827 /* toriosTests.swift */,
				453C0CE51BBDF60200F11827 /* Info.plist */,
			);
			path = toriosTests;
			sourceTree = "<group>";
		};
		453C0CED1BBDF60200F11827 /* toriosUITests */ = {
			isa = PBXGroup;
			children = (
				453C0CEE1BBDF60200F11827 /* toriosUITests.swift */,
				453C0CF01BBDF60200F11827 /* Info.plist */,
			);
			path = toriosUITests;
			sourceTree = "<group>";
		};
		458DC11D1BBE017500780EDF /* Main */ = {
			isa = PBXGroup;
			children = (
				453C0CD21BBDF60200F11827 /* Main.storyboard */,
				453C0CCE1BBDF60200F11827 /* MasterViewController.swift */,
				453C0CD01BBDF60200F11827 /* DetailViewController.swift */,
			);
			name = Main;
			sourceTree = "<group>";
		};
		A50631436EFF592B363D3E9D /* Pods */ = {
			isa = PBXGroup;
			children = (
				050534164E8EAB9005B5028D /* Pods-torios.debug.xcconfig */,
				88469A1D82E02ACD547F4F4E /* Pods-torios.release.xcconfig */,
			);
			name = Pods;
			sourceTree = "<group>";
		};
		D600488F20C4208AF41588A0 /* Frameworks */ = {
			isa = PBXGroup;
			children = (
				A04E277BC011344657CD05D6 /* Pods_torios.framework */,
			);
			name = Frameworks;
			sourceTree = "<group>";
		};
/* End PBXGroup section */

/* Begin PBXNativeTarget section */
		453C0CC51BBDF60200F11827 /* torios */ = {
			isa = PBXNativeTarget;
			buildConfigurationList = 453C0CF31BBDF60200F11827 /* Build configuration list for PBXNativeTarget "torios" */;
			buildPhases = (
				DFD5473E92DDF15317C3F88B /* Check Pods Manifest.lock */,
				453C0CC21BBDF60200F11827 /* Sources */,
				453C0CC31BBDF60200F11827 /* Frameworks */,
				453C0CC41BBDF60200F11827 /* Resources */,
				A998B58CC97E99306E58EF5A /* Embed Pods Frameworks */,
				599F4A5E3C5356F9222ADA3D /* Copy Pods Resources */,
			);
			buildRules = (
			);
			dependencies = (
			);
			name = torios;
			productName = torios;
			productReference = 453C0CC61BBDF60200F11827 /* torios.app */;
			productType = "com.apple.product-type.application";
		};
		453C0CDE1BBDF60200F11827 /* toriosTests */ = {
			isa = PBXNativeTarget;
			buildConfigurationList = 453C0CF61BBDF60200F11827 /* Build configuration list for PBXNativeTarget "toriosTests" */;
			buildPhases = (
				453C0CDB1BBDF60200F11827 /* Sources */,
				453C0CDC1BBDF60200F11827 /* Frameworks */,
				453C0CDD1BBDF60200F11827 /* Resources */,
			);
			buildRules = (
			);
			dependencies = (
				453C0CE11BBDF60200F11827 /* PBXTargetDependency */,
			);
			name = toriosTests;
			productName = toriosTests;
			productReference = 453C0CDF1BBDF60200F11827 /* toriosTests.xctest */;
			productType = "com.apple.product-type.bundle.unit-test";
		};
		453C0CE91BBDF60200F11827 /* toriosUITests */ = {
			isa = PBXNativeTarget;
			buildConfigurationList = 453C0CF91BBDF60200F11827 /* Build configuration list for PBXNativeTarget "toriosUITests" */;
			buildPhases = (
				453C0CE61BBDF60200F11827 /* Sources */,
				453C0CE71BBDF60200F11827 /* Frameworks */,
				453C0CE81BBDF60200F11827 /* Resources */,
			);
			buildRules = (
			);
			dependencies = (
				453C0CEC1BBDF60200F11827 /* PBXTargetDependency */,
			);
			name = toriosUITests;
			productName = toriosUITests;
			productReference = 453C0CEA1BBDF60200F11827 /* toriosUITests.xctest */;
			productType = "com.apple.product-type.bundle.ui-testing";
		};
/* End PBXNativeTarget section */

/* Begin PBXProject section */
		453C0CBE1BBDF60200F11827 /* Project object */ = {
			isa = PBXProject;
			attributes = {
				LastUpgradeCheck = 0700;
				ORGANIZATIONNAME = "Kurt Werle";
				TargetAttributes = {
					453C0CC51BBDF60200F11827 = {
						CreatedOnToolsVersion = 7.0;
					};
					453C0CDE1BBDF60200F11827 = {
						CreatedOnToolsVersion = 7.0;
						TestTargetID = 453C0CC51BBDF60200F11827;
					};
					453C0CE91BBDF60200F11827 = {
						CreatedOnToolsVersion = 7.0;
						TestTargetID = 453C0CC51BBDF60200F11827;
					};
				};
			};
			buildConfigurationList = 453C0CC11BBDF60200F11827 /* Build configuration list for PBXProject "torios" */;
			compatibilityVersion = "Xcode 3.2";
			developmentRegion = English;
			hasScannedForEncodings = 0;
			knownRegions = (
				en,
				Base,
			);
			mainGroup = 453C0CBD1BBDF60200F11827;
			productRefGroup = 453C0CC71BBDF60200F11827 /* Products */;
			projectDirPath = "";
			projectRoot = "";
			targets = (
				453C0CC51BBDF60200F11827 /* torios */,
				453C0CDE1BBDF60200F11827 /* toriosTests */,
				453C0CE91BBDF60200F11827 /* toriosUITests */,
			);
		};
/* End PBXProject section */

/* Begin PBXResourcesBuildPhase section */
		453C0CC41BBDF60200F11827 /* Resources */ = {
			isa = PBXResourcesBuildPhase;
			buildActionMask = 2147483647;
			files = (
				458DC11C1BBE016200780EDF /* Login.storyboard in Resources */,
				453C0CD91BBDF60200F11827 /* LaunchScreen.storyboard in Resources */,
				453C0CD61BBDF60200F11827 /* Assets.xcassets in Resources */,
				453C0CD41BBDF60200F11827 /* Main.storyboard in Resources */,
			);
			runOnlyForDeploymentPostprocessing = 0;
		};
		453C0CDD1BBDF60200F11827 /* Resources */ = {
			isa = PBXResourcesBuildPhase;
			buildActionMask = 2147483647;
			files = (
			);
			runOnlyForDeploymentPostprocessing = 0;
		};
		453C0CE81BBDF60200F11827 /* Resources */ = {
			isa = PBXResourcesBuildPhase;
			buildActionMask = 2147483647;
			files = (
			);
			runOnlyForDeploymentPostprocessing = 0;
		};
/* End PBXResourcesBuildPhase section */

/* Begin PBXShellScriptBuildPhase section */
		599F4A5E3C5356F9222ADA3D /* Copy Pods Resources */ = {
			isa = PBXShellScriptBuildPhase;
			buildActionMask = 2147483647;
			files = (
			);
			inputPaths = (
			);
			name = "Copy Pods Resources";
			outputPaths = (
			);
			runOnlyForDeploymentPostprocessing = 0;
			shellPath = /bin/sh;
			shellScript = "\"${SRCROOT}/Pods/Target Support Files/Pods-torios/Pods-torios-resources.sh\"\n";
			showEnvVarsInLog = 0;
		};
		A998B58CC97E99306E58EF5A /* Embed Pods Frameworks */ = {
			isa = PBXShellScriptBuildPhase;
			buildActionMask = 2147483647;
			files = (
			);
			inputPaths = (
			);
			name = "Embed Pods Frameworks";
			outputPaths = (
			);
			runOnlyForDeploymentPostprocessing = 0;
			shellPath = /bin/sh;
			shellScript = "\"${SRCROOT}/Pods/Target Support Files/Pods-torios/Pods-torios-frameworks.sh\"\n";
			showEnvVarsInLog = 0;
		};
		DFD5473E92DDF15317C3F88B /* Check Pods Manifest.lock */ = {
			isa = PBXShellScriptBuildPhase;
			buildActionMask = 2147483647;
			files = (
			);
			inputPaths = (
			);
			name = "Check Pods Manifest.lock";
			outputPaths = (
			);
			runOnlyForDeploymentPostprocessing = 0;
			shellPath = /bin/sh;
			shellScript = "diff \"${PODS_ROOT}/../Podfile.lock\" \"${PODS_ROOT}/Manifest.lock\" > /dev/null\nif [[ $? != 0 ]] ; then\n    cat << EOM\nerror: The sandbox is not in sync with the Podfile.lock. Run 'pod install' or update your CocoaPods installation.\nEOM\n    exit 1\nfi\n";
			showEnvVarsInLog = 0;
		};
/* End PBXShellScriptBuildPhase section */

/* Begin PBXSourcesBuildPhase section */
		453C0CC21BBDF60200F11827 /* Sources */ = {
			isa = PBXSourcesBuildPhase;
			buildActionMask = 2147483647;
			files = (
				4522FE921BBE429B00489E0D /* SubscriptionController.swift in Sources */,
				458DC1181BBE006700780EDF /* Subscription.swift in Sources */,
				453C0CCA1BBDF60200F11827 /* AppDelegate.swift in Sources */,
				458DC1171BBE006700780EDF /* Subscription+CoreDataProperties.swift in Sources */,
				458DC11A1BBE00C400780EDF /* UserSession.swift in Sources */,
				4522FE901BBE14AE00489E0D /* LoginViewController.swift in Sources */,
				453C0CCD1BBDF60200F11827 /* torios.xcdatamodeld in Sources */,
				453C0CCF1BBDF60200F11827 /* MasterViewController.swift in Sources */,
				453C0CD11BBDF60200F11827 /* DetailViewController.swift in Sources */,
			);
			runOnlyForDeploymentPostprocessing = 0;
		};
		453C0CDB1BBDF60200F11827 /* Sources */ = {
			isa = PBXSourcesBuildPhase;
			buildActionMask = 2147483647;
			files = (
				453C0CE41BBDF60200F11827 /* toriosTests.swift in Sources */,
			);
			runOnlyForDeploymentPostprocessing = 0;
		};
		453C0CE61BBDF60200F11827 /* Sources */ = {
			isa = PBXSourcesBuildPhase;
			buildActionMask = 2147483647;
			files = (
				453C0CEF1BBDF60200F11827 /* toriosUITests.swift in Sources */,
			);
			runOnlyForDeploymentPostprocessing = 0;
		};
/* End PBXSourcesBuildPhase section */

/* Begin PBXTargetDependency section */
		453C0CE11BBDF60200F11827 /* PBXTargetDependency */ = {
			isa = PBXTargetDependency;
			target = 453C0CC51BBDF60200F11827 /* torios */;
			targetProxy = 453C0CE01BBDF60200F11827 /* PBXContainerItemProxy */;
		};
		453C0CEC1BBDF60200F11827 /* PBXTargetDependency */ = {
			isa = PBXTargetDependency;
			target = 453C0CC51BBDF60200F11827 /* torios */;
			targetProxy = 453C0CEB1BBDF60200F11827 /* PBXContainerItemProxy */;
		};
/* End PBXTargetDependency section */

/* Begin PBXVariantGroup section */
		453C0CD21BBDF60200F11827 /* Main.storyboard */ = {
			isa = PBXVariantGroup;
			children = (
				453C0CD31BBDF60200F11827 /* Base */,
			);
			name = Main.storyboard;
			sourceTree = "<group>";
		};
		453C0CD71BBDF60200F11827 /* LaunchScreen.storyboard */ = {
			isa = PBXVariantGroup;
			children = (
				453C0CD81BBDF60200F11827 /* Base */,
			);
			name = LaunchScreen.storyboard;
			sourceTree = "<group>";
		};
/* End PBXVariantGroup section */

/* Begin XCBuildConfiguration section */
		453C0CF11BBDF60200F11827 /* Debug */ = {
			isa = XCBuildConfiguration;
			buildSettings = {
				ALWAYS_SEARCH_USER_PATHS = NO;
				CLANG_CXX_LANGUAGE_STANDARD = "gnu++0x";
				CLANG_CXX_LIBRARY = "libc++";
				CLANG_ENABLE_MODULES = YES;
				CLANG_ENABLE_OBJC_ARC = YES;
				CLANG_WARN_BOOL_CONVERSION = YES;
				CLANG_WARN_CONSTANT_CONVERSION = YES;
				CLANG_WARN_DIRECT_OBJC_ISA_USAGE = YES_ERROR;
				CLANG_WARN_EMPTY_BODY = YES;
				CLANG_WARN_ENUM_CONVERSION = YES;
				CLANG_WARN_INT_CONVERSION = YES;
				CLANG_WARN_OBJC_ROOT_CLASS = YES_ERROR;
				CLANG_WARN_UNREACHABLE_CODE = YES;
				CLANG_WARN__DUPLICATE_METHOD_MATCH = YES;
				"CODE_SIGN_IDENTITY[sdk=iphoneos*]" = "iPhone Developer";
				COPY_PHASE_STRIP = NO;
				DEBUG_INFORMATION_FORMAT = dwarf;
				ENABLE_STRICT_OBJC_MSGSEND = YES;
				ENABLE_TESTABILITY = YES;
				GCC_C_LANGUAGE_STANDARD = gnu99;
				GCC_DYNAMIC_NO_PIC = NO;
				GCC_NO_COMMON_BLOCKS = YES;
				GCC_OPTIMIZATION_LEVEL = 0;
				GCC_PREPROCESSOR_DEFINITIONS = (
					"DEBUG=1",
					"$(inherited)",
				);
				GCC_WARN_64_TO_32_BIT_CONVERSION = YES;
				GCC_WARN_ABOUT_RETURN_TYPE = YES_ERROR;
				GCC_WARN_UNDECLARED_SELECTOR = YES;
				GCC_WARN_UNINITIALIZED_AUTOS = YES_AGGRESSIVE;
				GCC_WARN_UNUSED_FUNCTION = YES;
				GCC_WARN_UNUSED_VARIABLE = YES;
				IPHONEOS_DEPLOYMENT_TARGET = 9.0;
				MTL_ENABLE_DEBUG_INFO = YES;
				ONLY_ACTIVE_ARCH = YES;
				SDKROOT = iphoneos;
				SWIFT_OPTIMIZATION_LEVEL = "-Onone";
				TARGETED_DEVICE_FAMILY = "1,2";
			};
			name = Debug;
		};
		453C0CF21BBDF60200F11827 /* Release */ = {
			isa = XCBuildConfiguration;
			buildSettings = {
				ALWAYS_SEARCH_USER_PATHS = NO;
				CLANG_CXX_LANGUAGE_STANDARD = "gnu++0x";
				CLANG_CXX_LIBRARY = "libc++";
				CLANG_ENABLE_MODULES = YES;
				CLANG_ENABLE_OBJC_ARC = YES;
				CLANG_WARN_BOOL_CONVERSION = YES;
				CLANG_WARN_CONSTANT_CONVERSION = YES;
				CLANG_WARN_DIRECT_OBJC_ISA_USAGE = YES_ERROR;
				CLANG_WARN_EMPTY_BODY = YES;
				CLANG_WARN_ENUM_CONVERSION = YES;
				CLANG_WARN_INT_CONVERSION = YES;
				CLANG_WARN_OBJC_ROOT_CLASS = YES_ERROR;
				CLANG_WARN_UNREACHABLE_CODE = YES;
				CLANG_WARN__DUPLICATE_METHOD_MATCH = YES;
				"CODE_SIGN_IDENTITY[sdk=iphoneos*]" = "iPhone Developer";
				COPY_PHASE_STRIP = NO;
				DEBUG_INFORMATION_FORMAT = "dwarf-with-dsym";
				ENABLE_NS_ASSERTIONS = NO;
				ENABLE_STRICT_OBJC_MSGSEND = YES;
				GCC_C_LANGUAGE_STANDARD = gnu99;
				GCC_NO_COMMON_BLOCKS = YES;
				GCC_WARN_64_TO_32_BIT_CONVERSION = YES;
				GCC_WARN_ABOUT_RETURN_TYPE = YES_ERROR;
				GCC_WARN_UNDECLARED_SELECTOR = YES;
				GCC_WARN_UNINITIALIZED_AUTOS = YES_AGGRESSIVE;
				GCC_WARN_UNUSED_FUNCTION = YES;
				GCC_WARN_UNUSED_VARIABLE = YES;
				IPHONEOS_DEPLOYMENT_TARGET = 9.0;
				MTL_ENABLE_DEBUG_INFO = NO;
				SDKROOT = iphoneos;
				TARGETED_DEVICE_FAMILY = "1,2";
				VALIDATE_PRODUCT = YES;
			};
			name = Release;
		};
		453C0CF41BBDF60200F11827 /* Debug */ = {
			isa = XCBuildConfiguration;
			baseConfigurationReference = 050534164E8EAB9005B5028D /* Pods-torios.debug.xcconfig */;
			buildSettings = {
				ASSETCATALOG_COMPILER_APPICON_NAME = AppIcon;
				INFOPLIST_FILE = torios/Info.plist;
				LD_RUNPATH_SEARCH_PATHS = "$(inherited) @executable_path/Frameworks";
				PRODUCT_BUNDLE_IDENTIFIER = werle.kurt.torios;
				PRODUCT_NAME = "$(TARGET_NAME)";
			};
			name = Debug;
		};
		453C0CF51BBDF60200F11827 /* Release */ = {
			isa = XCBuildConfiguration;
			baseConfigurationReference = 88469A1D82E02ACD547F4F4E /* Pods-torios.release.xcconfig */;
			buildSettings = {
				ASSETCATALOG_COMPILER_APPICON_NAME = AppIcon;
				INFOPLIST_FILE = torios/Info.plist;
				LD_RUNPATH_SEARCH_PATHS = "$(inherited) @executable_path/Frameworks";
				PRODUCT_BUNDLE_IDENTIFIER = werle.kurt.torios;
				PRODUCT_NAME = "$(TARGET_NAME)";
			};
			name = Release;
		};
		453C0CF71BBDF60200F11827 /* Debug */ = {
			isa = XCBuildConfiguration;
			buildSettings = {
				BUNDLE_LOADER = "$(TEST_HOST)";
				INFOPLIST_FILE = toriosTests/Info.plist;
				LD_RUNPATH_SEARCH_PATHS = "$(inherited) @executable_path/Frameworks @loader_path/Frameworks";
				PRODUCT_BUNDLE_IDENTIFIER = werle.kurt.toriosTests;
				PRODUCT_NAME = "$(TARGET_NAME)";
				TEST_HOST = "$(BUILT_PRODUCTS_DIR)/torios.app/torios";
			};
			name = Debug;
		};
		453C0CF81BBDF60200F11827 /* Release */ = {
			isa = XCBuildConfiguration;
			buildSettings = {
				BUNDLE_LOADER = "$(TEST_HOST)";
				INFOPLIST_FILE = toriosTests/Info.plist;
				LD_RUNPATH_SEARCH_PATHS = "$(inherited) @executable_path/Frameworks @loader_path/Frameworks";
				PRODUCT_BUNDLE_IDENTIFIER = werle.kurt.toriosTests;
				PRODUCT_NAME = "$(TARGET_NAME)";
				TEST_HOST = "$(BUILT_PRODUCTS_DIR)/torios.app/torios";
			};
			name = Release;
		};
		453C0CFA1BBDF60200F11827 /* Debug */ = {
			isa = XCBuildConfiguration;
			buildSettings = {
				INFOPLIST_FILE = toriosUITests/Info.plist;
				LD_RUNPATH_SEARCH_PATHS = "$(inherited) @executable_path/Frameworks @loader_path/Frameworks";
				PRODUCT_BUNDLE_IDENTIFIER = werle.kurt.toriosUITests;
				PRODUCT_NAME = "$(TARGET_NAME)";
				TEST_TARGET_NAME = torios;
				USES_XCTRUNNER = YES;
			};
			name = Debug;
		};
		453C0CFB1BBDF60200F11827 /* Release */ = {
			isa = XCBuildConfiguration;
			buildSettings = {
				INFOPLIST_FILE = toriosUITests/Info.plist;
				LD_RUNPATH_SEARCH_PATHS = "$(inherited) @executable_path/Frameworks @loader_path/Frameworks";
				PRODUCT_BUNDLE_IDENTIFIER = werle.kurt.toriosUITests;
				PRODUCT_NAME = "$(TARGET_NAME)";
				TEST_TARGET_NAME = torios;
				USES_XCTRUNNER = YES;
			};
			name = Release;
		};
/* End XCBuildConfiguration section */

/* Begin XCConfigurationList section */
		453C0CC11BBDF60200F11827 /* Build configuration list for PBXProject "torios" */ = {
			isa = XCConfigurationList;
			buildConfigurations = (
				453C0CF11BBDF60200F11827 /* Debug */,
				453C0CF21BBDF60200F11827 /* Release */,
			);
			defaultConfigurationIsVisible = 0;
			defaultConfigurationName = Release;
		};
		453C0CF31BBDF60200F11827 /* Build configuration list for PBXNativeTarget "torios" */ = {
			isa = XCConfigurationList;
			buildConfigurations = (
				453C0CF41BBDF60200F11827 /* Debug */,
				453C0CF51BBDF60200F11827 /* Release */,
			);
			defaultConfigurationIsVisible = 0;
			defaultConfigurationName = Release;
		};
		453C0CF61BBDF60200F11827 /* Build configuration list for PBXNativeTarget "toriosTests" */ = {
			isa = XCConfigurationList;
			buildConfigurations = (
				453C0CF71BBDF60200F11827 /* Debug */,
				453C0CF81BBDF60200F11827 /* Release */,
			);
			defaultConfigurationIsVisible = 0;
			defaultConfigurationName = Release;
		};
		453C0CF91BBDF60200F11827 /* Build configuration list for PBXNativeTarget "toriosUITests" */ = {
			isa = XCConfigurationList;
			buildConfigurations = (
				453C0CFA1BBDF60200F11827 /* Debug */,
				453C0CFB1BBDF60200F11827 /* Release */,
			);
			defaultConfigurationIsVisible = 0;
			defaultConfigurationName = Release;
		};
/* End XCConfigurationList section */

/* Begin XCVersionGroup section */
		453C0CCB1BBDF60200F11827 /* torios.xcdatamodeld */ = {
			isa = XCVersionGroup;
			children = (
				4522FE941BBE601900489E0D /* torios 3.xcdatamodel */,
				4522FE931BBE5EA400489E0D /* torios 2.xcdatamodel */,
				453C0CCC1BBDF60200F11827 /* torios.xcdatamodel */,
			);
			currentVersion = 453C0CCC1BBDF60200F11827 /* torios.xcdatamodel */;
			path = torios.xcdatamodeld;
			sourceTree = "<group>";
			versionGroupType = wrapper.xcdatamodel;
		};
/* End XCVersionGroup section */
	};
	rootObject = 453C0CBE1BBDF60200F11827 /* Project object */;
}
